
Microsoft Visual Studio Solution File, Format Version 12.00
# Visual Studio Version 17
VisualStudioVersion = 17.8.34330.188
MinimumVisualStudioVersion = 10.0.40219.1
Project("{FAE04EC0-301F-11D3-BF4B-00C04F79EFBC}") = "TestServerProject", "TestServerProject\TestServerProject.csproj", "{BE29E1C8-3B79-4CF6-9CDE-247814FA7AB9}"
EndProject
Project("{FAE04EC0-301F-11D3-BF4B-00C04F79EFBC}") = "ServerTests", "ServerTests\ServerTests.csproj", "{27BA7645-5D15-49A8-8216-86BAB89DC945}"
EndProject
Global
	GlobalSection(SolutionConfigurationPlatforms) = preSolution
		Debug|Any CPU = Debug|Any CPU
		Release|Any CPU = Release|Any CPU
	EndGlobalSection
	GlobalSection(ProjectConfigurationPlatforms) = postSolution
		{BE29E1C8-3B79-4CF6-9CDE-247814FA7AB9}.Debug|Any CPU.ActiveCfg = Debug|Any CPU
		{BE29E1C8-3B79-4CF6-9CDE-247814FA7AB9}.Debug|Any CPU.Build.0 = Debug|Any CPU
		{BE29E1C8-3B79-4CF6-9CDE-247814FA7AB9}.Release|Any CPU.ActiveCfg = Release|Any CPU
		{BE29E1C8-3B79-4CF6-9CDE-247814FA7AB9}.Release|Any CPU.Build.0 = Release|Any CPU
		{27BA7645-5D15-49A8-8216-86BAB89DC945}.Debug|Any CPU.ActiveCfg = Debug|Any CPU
		{27BA7645-5D15-49A8-8216-86BAB89DC945}.Debug|Any CPU.Build.0 = Debug|Any CPU
		{27BA7645-5D15-49A8-8216-86BAB89DC945}.Release|Any CPU.ActiveCfg = Release|Any CPU
		{27BA7645-5D15-49A8-8216-86BAB89DC945}.Release|Any CPU.Build.0 = Release|Any CPU
	EndGlobalSection
	GlobalSection(SolutionProperties) = preSolution
		HideSolutionNode = FALSE
	EndGlobalSection
	GlobalSection(ExtensibilityGlobals) = postSolution
		SolutionGuid = {291311B9-1594-4945-99F9-77092939342B}
	EndGlobalSection
EndGlobal
